
Microsoft Visual Studio Solution File, Format Version 12.00
# Visual Studio 15
VisualStudioVersion = 15.0.28307.421
MinimumVisualStudioVersion = 10.0.40219.1
Project("{FAE04EC0-301F-11D3-BF4B-00C04F79EFBC}") = "ReactiveDemo", "ReactiveDemo\ReactiveDemo.csproj", "{AC6D910B-C304-4BA9-973F-748518A6C4D8}"
EndProject
Global
	GlobalSection(SolutionConfigurationPlatforms) = preSolution
		Debug|Any CPU = Debug|Any CPU
		Release|Any CPU = Release|Any CPU
	EndGlobalSection
	GlobalSection(ProjectConfigurationPlatforms) = postSolution
		{AC6D910B-C304-4BA9-973F-748518A6C4D8}.Debug|Any CPU.ActiveCfg = Debug|Any CPU
		{AC6D910B-C304-4BA9-973F-748518A6C4D8}.Debug|Any CPU.Build.0 = Debug|Any CPU
		{AC6D910B-C304-4BA9-973F-748518A6C4D8}.Release|Any CPU.ActiveCfg = Release|Any CPU
		{AC6D910B-C304-4BA9-973F-748518A6C4D8}.Release|Any CPU.Build.0 = Release|Any CPU
	EndGlobalSection
	GlobalSection(SolutionProperties) = preSolution
		HideSolutionNode = FALSE
	EndGlobalSection
	GlobalSection(ExtensibilityGlobals) = postSolution
		SolutionGuid = {29EC7231-04C0-460F-A296-9F9DA005D562}
	EndGlobalSection
EndGlobal
